
Microsoft Visual Studio Solution File, Format Version 12.00
# Visual Studio Version 17
VisualStudioVersion = 17.14.36408.4 d17.14
MinimumVisualStudioVersion = 10.0.40219.1
Project("{FAE04EC0-301F-11D3-BF4B-00C04F79EFBC}") = "gobotUnitTest", "gobotUnitTest\gobotUnitTest.csproj", "{ADFCC039-BE0B-4A71-94F5-CCCB6E456B50}"
EndProject
Global
	GlobalSection(SolutionConfigurationPlatforms) = preSolution
		Debug|Any CPU = Debug|Any CPU
		Release|Any CPU = Release|Any CPU
	EndGlobalSection
	GlobalSection(ProjectConfigurationPlatforms) = postSolution
		{ADFCC039-BE0B-4A71-94F5-CCCB6E456B50}.Debug|Any CPU.ActiveCfg = Debug|Any CPU
		{ADFCC039-BE0B-4A71-94F5-CCCB6E456B50}.Debug|Any CPU.Build.0 = Debug|Any CPU
		{ADFCC039-BE0B-4A71-94F5-CCCB6E456B50}.Release|Any CPU.ActiveCfg = Release|Any CPU
		{ADFCC039-BE0B-4A71-94F5-CCCB6E456B50}.Release|Any CPU.Build.0 = Release|Any CPU
	EndGlobalSection
	GlobalSection(SolutionProperties) = preSolution
		HideSolutionNode = FALSE
	EndGlobalSection
	GlobalSection(ExtensibilityGlobals) = postSolution
		SolutionGuid = {E5A1764D-1420-4E96-B535-46C5ED06A832}
	EndGlobalSection
EndGlobal
