
Microsoft Visual Studio Solution File, Format Version 12.00
# Visual Studio Version 17
VisualStudioVersion = 17.14.36121.58
MinimumVisualStudioVersion = 10.0.40219.1
Project("{FAE04EC0-301F-11D3-BF4B-00C04F79EFBC}") = "GoBotTesting", "..\GoBotTesting\GoBotTesting.csproj", "{57180E5E-C060-46E9-8E7C-D68BB728F18B}"
EndProject
Project("{FAE04EC0-301F-11D3-BF4B-00C04F79EFBC}") = "Gobot", "Gobot.csproj", "{AB88B592-D2CF-F5A1-66B0-53FB9FACBDCA}"
EndProject
Project("{FAE04EC0-301F-11D3-BF4B-00C04F79EFBC}") = "ProtoTest", "..\ProtoTest\ProtoTest.csproj", "{39B003FD-9E16-9BAC-2F1A-CB165A849971}"
EndProject
Global
	GlobalSection(SolutionConfigurationPlatforms) = preSolution
		Debug|Any CPU = Debug|Any CPU
		Release|Any CPU = Release|Any CPU
	EndGlobalSection
	GlobalSection(ProjectConfigurationPlatforms) = postSolution
		{57180E5E-C060-46E9-8E7C-D68BB728F18B}.Debug|Any CPU.ActiveCfg = Debug|Any CPU
		{57180E5E-C060-46E9-8E7C-D68BB728F18B}.Debug|Any CPU.Build.0 = Debug|Any CPU
		{57180E5E-C060-46E9-8E7C-D68BB728F18B}.Release|Any CPU.ActiveCfg = Release|Any CPU
		{57180E5E-C060-46E9-8E7C-D68BB728F18B}.Release|Any CPU.Build.0 = Release|Any CPU
		{AB88B592-D2CF-F5A1-66B0-53FB9FACBDCA}.Debug|Any CPU.ActiveCfg = Debug|Any CPU
		{AB88B592-D2CF-F5A1-66B0-53FB9FACBDCA}.Debug|Any CPU.Build.0 = Debug|Any CPU
		{AB88B592-D2CF-F5A1-66B0-53FB9FACBDCA}.Release|Any CPU.ActiveCfg = Release|Any CPU
		{AB88B592-D2CF-F5A1-66B0-53FB9FACBDCA}.Release|Any CPU.Build.0 = Release|Any CPU
		{39B003FD-9E16-9BAC-2F1A-CB165A849971}.Debug|Any CPU.ActiveCfg = Debug|Any CPU
		{39B003FD-9E16-9BAC-2F1A-CB165A849971}.Debug|Any CPU.Build.0 = Debug|Any CPU
		{39B003FD-9E16-9BAC-2F1A-CB165A849971}.Release|Any CPU.ActiveCfg = Release|Any CPU
		{39B003FD-9E16-9BAC-2F1A-CB165A849971}.Release|Any CPU.Build.0 = Release|Any CPU
	EndGlobalSection
	GlobalSection(SolutionProperties) = preSolution
		HideSolutionNode = FALSE
	EndGlobalSection
	GlobalSection(ExtensibilityGlobals) = postSolution
		SolutionGuid = {06593C1E-7B2F-4C3C-9FBD-30625B9D7DF1}
	EndGlobalSection
EndGlobal
